{
  "name": "src",
  "lockfileVersion": 3,
  "requires": true,
  "packages": {
    "": {
      "dependencies": {
        "agent-browser": "^0.27.2"
      }
    },
    "node_modules/agent-browser": {
      "version": "0.27.2",
      "resolved": "https://registry.npmjs.org/agent-browser/-/agent-browser-0.27.2.tgz",
      "integrity": "sha512-RZNxZFvnspSxSmpjkZjM0Lv69ArwYr8t+Ndavko/NGrfkdUkp5lVGJAs4f88tJNNcBVFcn92hhS+3pulVF9oSw==",
      "hasInstallScript": true,
      "license": "Apache-2.0",
      "bin": {
        "agent-browser": "bin/agent-browser.js"
      },
      "engines": {
        "node": ">=24.0.0",
        "pnpm": ">=11.0.0"
      }
    }
  }
}
